
Microsoft Visual Studio Solution File, Format Version 12.00
# Visual Studio 2013
VisualStudioVersion = 12.0.31101.0
MinimumVisualStudioVersion = 10.0.40219.1
Project("{FAE04EC0-301F-11D3-BF4B-00C04F79EFBC}") = "AsanNikkah", "AsanNikkah\AsanNikkah.csproj", "{1FC0FC7A-7B0A-48BD-99BE-2131574FDB5A}"
EndProject
Project("{FAE04EC0-301F-11D3-BF4B-00C04F79EFBC}") = "Mediclus", "..\Mediclus\Mediclus\Mediclus.csproj", "{24FC4BFD-1F52-484A-A0A8-7B68FCBFEAAD}"
EndProject
Global
	GlobalSection(SolutionConfigurationPlatforms) = preSolution
		Debug|Any CPU = Debug|Any CPU
		Release|Any CPU = Release|Any CPU
	EndGlobalSection
	GlobalSection(ProjectConfigurationPlatforms) = postSolution
		{1FC0FC7A-7B0A-48BD-99BE-2131574FDB5A}.Debug|Any CPU.ActiveCfg = Debug|Any CPU
		{1FC0FC7A-7B0A-48BD-99BE-2131574FDB5A}.Debug|Any CPU.Build.0 = Debug|Any CPU
		{1FC0FC7A-7B0A-48BD-99BE-2131574FDB5A}.Release|Any CPU.ActiveCfg = Release|Any CPU
		{1FC0FC7A-7B0A-48BD-99BE-2131574FDB5A}.Release|Any CPU.Build.0 = Release|Any CPU
		{24FC4BFD-1F52-484A-A0A8-7B68FCBFEAAD}.Debug|Any CPU.ActiveCfg = Debug|Any CPU
		{24FC4BFD-1F52-484A-A0A8-7B68FCBFEAAD}.Debug|Any CPU.Build.0 = Debug|Any CPU
		{24FC4BFD-1F52-484A-A0A8-7B68FCBFEAAD}.Release|Any CPU.ActiveCfg = Release|Any CPU
		{24FC4BFD-1F52-484A-A0A8-7B68FCBFEAAD}.Release|Any CPU.Build.0 = Release|Any CPU
	EndGlobalSection
	GlobalSection(SolutionProperties) = preSolution
		HideSolutionNode = FALSE
	EndGlobalSection
EndGlobal
